
Microsoft Visual Studio Solution File, Format Version 12.00
# Visual Studio 14
VisualStudioVersion = 14.0.25123.0
MinimumVisualStudioVersion = 10.0.40219.1
Project("{FAE04EC0-301F-11D3-BF4B-00C04F79EFBC}") = "IkaLogProxy", "IkaLogProxy\IkaLogProxy\IkaLogProxy.csproj", "{86BAE075-795B-4285-B53E-7BE7C0BA2E4A}"
EndProject
Project("{FAE04EC0-301F-11D3-BF4B-00C04F79EFBC}") = "NCVConnector", "IkaNama\IkaNama4NCV\NCVConnector.csproj", "{6E8563BD-EE6C-42D6-9975-9B29E5D6E81F}"
EndProject
Global
	GlobalSection(SolutionConfigurationPlatforms) = preSolution
		Debug|Any CPU = Debug|Any CPU
		Release|Any CPU = Release|Any CPU
	EndGlobalSection
	GlobalSection(ProjectConfigurationPlatforms) = postSolution
		{86BAE075-795B-4285-B53E-7BE7C0BA2E4A}.Debug|Any CPU.ActiveCfg = Debug|Any CPU
		{86BAE075-795B-4285-B53E-7BE7C0BA2E4A}.Debug|Any CPU.Build.0 = Debug|Any CPU
		{86BAE075-795B-4285-B53E-7BE7C0BA2E4A}.Release|Any CPU.ActiveCfg = Release|Any CPU
		{86BAE075-795B-4285-B53E-7BE7C0BA2E4A}.Release|Any CPU.Build.0 = Release|Any CPU
		{6E8563BD-EE6C-42D6-9975-9B29E5D6E81F}.Debug|Any CPU.ActiveCfg = Debug|Any CPU
		{6E8563BD-EE6C-42D6-9975-9B29E5D6E81F}.Debug|Any CPU.Build.0 = Debug|Any CPU
		{6E8563BD-EE6C-42D6-9975-9B29E5D6E81F}.Release|Any CPU.ActiveCfg = Release|Any CPU
		{6E8563BD-EE6C-42D6-9975-9B29E5D6E81F}.Release|Any CPU.Build.0 = Release|Any CPU
	EndGlobalSection
	GlobalSection(SolutionProperties) = preSolution
		HideSolutionNode = FALSE
	EndGlobalSection
EndGlobal
